// !$*UTF8*$!
{
	archiveVersion = 1;
	classes = {
	};
	objectVersion = 50;
	objects = {

/* Begin PBXBuildFile section */
		265B2CD623A1C03800713A49 /* StateMachine.swift in Sources */ = {isa = PBXBuildFile; fileRef = 265B2CD523A1C03800713A49 /* StateMachine.swift */; };
		265B2CD823A1C06100713A49 /* NetworkingDataSourceObserver.swift in Sources */ = {isa = PBXBuildFile; fileRef = 265B2CD723A1C06100713A49 /* NetworkingDataSourceObserver.swift */; };
		265B2CDD23A1C12D00713A49 /* LoadableDataSource.swift in Sources */ = {isa = PBXBuildFile; fileRef = 265B2CDC23A1C12D00713A49 /* LoadableDataSource.swift */; };
		265B2CDF23A1C1A700713A49 /* NetworkDataSource.swift in Sources */ = {isa = PBXBuildFile; fileRef = 265B2CDE23A1C1A700713A49 /* NetworkDataSource.swift */; };
		265B2CE323A1F7BF00713A49 /* PhotoSearchTableViewCell.swift in Sources */ = {isa = PBXBuildFile; fileRef = 265B2CE223A1F7BF00713A49 /* PhotoSearchTableViewCell.swift */; };
		265B2CE523A2D2BC00713A49 /* Icon.xcassets in Resources */ = {isa = PBXBuildFile; fileRef = 265B2CE423A2D2BC00713A49 /* Icon.xcassets */; };
		2682FB1E239C17F10078628E /* AppDelegate.swift in Sources */ = {isa = PBXBuildFile; fileRef = 2682FB1D239C17F10078628E /* AppDelegate.swift */; };
		2682FB25239C17F10078628E /* Main.storyboard in Resources */ = {isa = PBXBuildFile; fileRef = 2682FB23239C17F10078628E /* Main.storyboard */; };
		2682FB2A239C17F60078628E /* LaunchScreen.storyboard in Resources */ = {isa = PBXBuildFile; fileRef = 2682FB28239C17F60078628E /* LaunchScreen.storyboard */; };
		2682FB39239C2EB30078628E /* Constants.swift in Sources */ = {isa = PBXBuildFile; fileRef = 2682FB38239C2EB30078628E /* Constants.swift */; };
		2682FB3C239C31920078628E /* APIUrlBuilder.swift in Sources */ = {isa = PBXBuildFile; fileRef = 2682FB3B239C31920078628E /* APIUrlBuilder.swift */; };
		2682FB3E239C38D80078628E /* PhotoSearchViewModel.swift in Sources */ = {isa = PBXBuildFile; fileRef = 2682FB3D239C38D80078628E /* PhotoSearchViewModel.swift */; };
		2682FB41239C3CEB0078628E /* UIImageView+Extension.swift in Sources */ = {isa = PBXBuildFile; fileRef = 2682FB40239C3CEB0078628E /* UIImageView+Extension.swift */; };
		2682FB45239C508C0078628E /* PhotoSearchViewController.swift in Sources */ = {isa = PBXBuildFile; fileRef = 2682FB44239C508C0078628E /* PhotoSearchViewController.swift */; };
		2682FB47239C50A80078628E /* PhotoSearchDetailViewController.swift in Sources */ = {isa = PBXBuildFile; fileRef = 2682FB46239C50A80078628E /* PhotoSearchDetailViewController.swift */; };
		2682FB57239D814A0078628E /* Localizable.strings in Resources */ = {isa = PBXBuildFile; fileRef = 2682FB56239D814A0078628E /* Localizable.strings */; };
		2682FB59239D82720078628E /* Localization.swift in Sources */ = {isa = PBXBuildFile; fileRef = 2682FB58239D82720078628E /* Localization.swift */; };
		2682FB5B239E0C170078628E /* SceneDelegate.swift in Sources */ = {isa = PBXBuildFile; fileRef = 2682FB5A239E0C170078628E /* SceneDelegate.swift */; };
		2682FB7D239F3E170078628E /* PhotoModel.swift in Sources */ = {isa = PBXBuildFile; fileRef = 2682FB7C239F3E170078628E /* PhotoModel.swift */; };
/* End PBXBuildFile section */

/* Begin PBXFileReference section */
		265B2CD523A1C03800713A49 /* StateMachine.swift */ = {isa = PBXFileReference; lastKnownFileType = sourcecode.swift; path = StateMachine.swift; sourceTree = "<group>"; };
		265B2CD723A1C06100713A49 /* NetworkingDataSourceObserver.swift */ = {isa = PBXFileReference; lastKnownFileType = sourcecode.swift; path = NetworkingDataSourceObserver.swift; sourceTree = "<group>"; };
		265B2CDC23A1C12D00713A49 /* LoadableDataSource.swift */ = {isa = PBXFileReference; lastKnownFileType = sourcecode.swift; path = LoadableDataSource.swift; sourceTree = "<group>"; };
		265B2CDE23A1C1A700713A49 /* NetworkDataSource.swift */ = {isa = PBXFileReference; lastKnownFileType = sourcecode.swift; path = NetworkDataSource.swift; sourceTree = "<group>"; };
		265B2CE223A1F7BF00713A49 /* PhotoSearchTableViewCell.swift */ = {isa = PBXFileReference; lastKnownFileType = sourcecode.swift; path = PhotoSearchTableViewCell.swift; sourceTree = "<group>"; };
		265B2CE423A2D2BC00713A49 /* Icon.xcassets */ = {isa = PBXFileReference; lastKnownFileType = folder.assetcatalog; path = Icon.xcassets; sourceTree = "<group>"; };
		2682FB1A239C17F10078628E /* FlikrFindr.app */ = {isa = PBXFileReference; explicitFileType = wrapper.application; includeInIndex = 0; path = FlikrFindr.app; sourceTree = BUILT_PRODUCTS_DIR; };
		2682FB1D239C17F10078628E /* AppDelegate.swift */ = {isa = PBXFileReference; lastKnownFileType = sourcecode.swift; path = AppDelegate.swift; sourceTree = "<group>"; };
		2682FB24239C17F10078628E /* Base */ = {isa = PBXFileReference; lastKnownFileType = file.storyboard; name = Base; path = Base.lproj/Main.storyboard; sourceTree = "<group>"; };
		2682FB29239C17F60078628E /* Base */ = {isa = PBXFileReference; lastKnownFileType = file.storyboard; name = Base; path = Base.lproj/LaunchScreen.storyboard; sourceTree = "<group>"; };
		2682FB2B239C17F60078628E /* Info.plist */ = {isa = PBXFileReference; lastKnownFileType = text.plist.xml; path = Info.plist; sourceTree = "<group>"; };
		2682FB38239C2EB30078628E /* Constants.swift */ = {isa = PBXFileReference; lastKnownFileType = sourcecode.swift; path = Constants.swift; sourceTree = "<group>"; };
		2682FB3B239C31920078628E /* APIUrlBuilder.swift */ = {isa = PBXFileReference; lastKnownFileType = sourcecode.swift; path = APIUrlBuilder.swift; sourceTree = "<group>"; };
		2682FB3D239C38D80078628E /* PhotoSearchViewModel.swift */ = {isa = PBXFileReference; lastKnownFileType = sourcecode.swift; path = PhotoSearchViewModel.swift; sourceTree = "<group>"; };
		2682FB40239C3CEB0078628E /* UIImageView+Extension.swift */ = {isa = PBXFileReference; lastKnownFileType = sourcecode.swift; path = "UIImageView+Extension.swift"; sourceTree = "<group>"; };
		2682FB44239C508C0078628E /* PhotoSearchViewController.swift */ = {isa = PBXFileReference; lastKnownFileType = sourcecode.swift; path = PhotoSearchViewController.swift; sourceTree = "<group>"; };
		2682FB46239C50A80078628E /* PhotoSearchDetailViewController.swift */ = {isa = PBXFileReference; lastKnownFileType = sourcecode.swift; path = PhotoSearchDetailViewController.swift; sourceTree = "<group>"; };
		2682FB56239D814A0078628E /* Localizable.strings */ = {isa = PBXFileReference; lastKnownFileType = text.plist.strings; path = Localizable.strings; sourceTree = "<group>"; };
		2682FB58239D82720078628E /* Localization.swift */ = {isa = PBXFileReference; lastKnownFileType = sourcecode.swift; path = Localization.swift; sourceTree = "<group>"; };
		2682FB5A239E0C170078628E /* SceneDelegate.swift */ = {isa = PBXFileReference; lastKnownFileType = sourcecode.swift; path = SceneDelegate.swift; sourceTree = "<group>"; };
		2682FB7C239F3E170078628E /* PhotoModel.swift */ = {isa = PBXFileReference; lastKnownFileType = sourcecode.swift; path = PhotoModel.swift; sourceTree = "<group>"; };
/* End PBXFileReference section */

/* Begin PBXFrameworksBuildPhase section */
		2682FB17239C17F10078628E /* Frameworks */ = {
			isa = PBXFrameworksBuildPhase;
			buildActionMask = 2147483647;
			files = (
			);
			runOnlyForDeploymentPostprocessing = 0;
		};
/* End PBXFrameworksBuildPhase section */

/* Begin PBXGroup section */
		265B2CD423A1C01400713A49 /* State Machine */ = {
			isa = PBXGroup;
			children = (
				265B2CD523A1C03800713A49 /* StateMachine.swift */,
				265B2CD723A1C06100713A49 /* NetworkingDataSourceObserver.swift */,
			);
			path = "State Machine";
			sourceTree = "<group>";
		};
		265B2CD923A1C0C100713A49 /* Data Source */ = {
			isa = PBXGroup;
			children = (
				265B2CDC23A1C12D00713A49 /* LoadableDataSource.swift */,
				265B2CDE23A1C1A700713A49 /* NetworkDataSource.swift */,
			);
			path = "Data Source";
			sourceTree = "<group>";
		};
		265B2CE123A1E95700713A49 /* Scene Delegate */ = {
			isa = PBXGroup;
			children = (
				2682FB5A239E0C170078628E /* SceneDelegate.swift */,
			);
			path = "Scene Delegate";
			sourceTree = "<group>";
		};
		2682FB11239C17F10078628E = {
			isa = PBXGroup;
			children = (
				2682FB1C239C17F10078628E /* FlikrFindr */,
				2682FB1B239C17F10078628E /* Products */,
			);
			sourceTree = "<group>";
		};
		2682FB1B239C17F10078628E /* Products */ = {
			isa = PBXGroup;
			children = (
				2682FB1A239C17F10078628E /* FlikrFindr.app */,
			);
			name = Products;
			sourceTree = "<group>";
		};
		2682FB1C239C17F10078628E /* FlikrFindr */ = {
			isa = PBXGroup;
			children = (
				265B2CE123A1E95700713A49 /* Scene Delegate */,
				2682FB48239C50CD0078628E /* App Delegate */,
				2682FB37239C2E210078628E /* Constants */,
				2682FB55239D80FD0078628E /* Localization */,
				2682FB3A239C31610078628E /* API Builder */,
				265B2CD423A1C01400713A49 /* State Machine */,
				265B2CD923A1C0C100713A49 /* Data Source */,
				2682FB34239C197B0078628E /* View Models */,
				2682FB31239C18DB0078628E /* Data Model */,
				2682FB43239C505E0078628E /* View Controllers */,
				2682FB42239C4E7F0078628E /* Storyboards */,
				2682FB3F239C3CC90078628E /* Extensions */,
				2682FB49239C50DF0078628E /* Assets */,
				2682FB2B239C17F60078628E /* Info.plist */,
			);
			path = FlikrFindr;
			sourceTree = "<group>";
		};
		2682FB31239C18DB0078628E /* Data Model */ = {
			isa = PBXGroup;
			children = (
				2682FB7C239F3E170078628E /* PhotoModel.swift */,
			);
			path = "Data Model";
			sourceTree = "<group>";
		};
		2682FB34239C197B0078628E /* View Models */ = {
			isa = PBXGroup;
			children = (
				2682FB3D239C38D80078628E /* PhotoSearchViewModel.swift */,
			);
			path = "View Models";
			sourceTree = "<group>";
		};
		2682FB37239C2E210078628E /* Constants */ = {
			isa = PBXGroup;
			children = (
				2682FB38239C2EB30078628E /* Constants.swift */,
			);
			path = Constants;
			sourceTree = "<group>";
		};
		2682FB3A239C31610078628E /* API Builder */ = {
			isa = PBXGroup;
			children = (
				2682FB3B239C31920078628E /* APIUrlBuilder.swift */,
			);
			path = "API Builder";
			sourceTree = "<group>";
		};
		2682FB3F239C3CC90078628E /* Extensions */ = {
			isa = PBXGroup;
			children = (
				2682FB40239C3CEB0078628E /* UIImageView+Extension.swift */,
			);
			path = Extensions;
			sourceTree = "<group>";
		};
		2682FB42239C4E7F0078628E /* Storyboards */ = {
			isa = PBXGroup;
			children = (
				2682FB23239C17F10078628E /* Main.storyboard */,
				2682FB28239C17F60078628E /* LaunchScreen.storyboard */,
			);
			path = Storyboards;
			sourceTree = "<group>";
		};
		2682FB43239C505E0078628E /* View Controllers */ = {
			isa = PBXGroup;
			children = (
				2682FB4A239C52400078628E /* Cells */,
				2682FB44239C508C0078628E /* PhotoSearchViewController.swift */,
				2682FB46239C50A80078628E /* PhotoSearchDetailViewController.swift */,
			);
			path = "View Controllers";
			sourceTree = "<group>";
		};
		2682FB48239C50CD0078628E /* App Delegate */ = {
			isa = PBXGroup;
			children = (
				2682FB1D239C17F10078628E /* AppDelegate.swift */,
			);
			path = "App Delegate";
			sourceTree = "<group>";
		};
		2682FB49239C50DF0078628E /* Assets */ = {
			isa = PBXGroup;
			children = (
				265B2CE423A2D2BC00713A49 /* Icon.xcassets */,
			);
			name = Assets;
			sourceTree = "<group>";
		};
		2682FB4A239C52400078628E /* Cells */ = {
			isa = PBXGroup;
			children = (
				265B2CE223A1F7BF00713A49 /* PhotoSearchTableViewCell.swift */,
			);
			path = Cells;
			sourceTree = "<group>";
		};
		2682FB55239D80FD0078628E /* Localization */ = {
			isa = PBXGroup;
			children = (
				2682FB56239D814A0078628E /* Localizable.strings */,
				2682FB58239D82720078628E /* Localization.swift */,
			);
			path = Localization;
			sourceTree = "<group>";
		};
/* End PBXGroup section */

/* Begin PBXNativeTarget section */
		2682FB19239C17F10078628E /* FlikrFindr */ = {
			isa = PBXNativeTarget;
			buildConfigurationList = 2682FB2E239C17F60078628E /* Build configuration list for PBXNativeTarget "FlikrFindr" */;
			buildPhases = (
				2682FB16239C17F10078628E /* Sources */,
				2682FB17239C17F10078628E /* Frameworks */,
				2682FB18239C17F10078628E /* Resources */,
			);
			buildRules = (
			);
			dependencies = (
			);
			name = FlikrFindr;
			productName = FlikrFindr;
			productReference = 2682FB1A239C17F10078628E /* FlikrFindr.app */;
			productType = "com.apple.product-type.application";
		};
/* End PBXNativeTarget section */

/* Begin PBXProject section */
		2682FB12239C17F10078628E /* Project object */ = {
			isa = PBXProject;
			attributes = {
				LastSwiftUpdateCheck = 1120;
				LastUpgradeCheck = 1120;
				ORGANIZATIONNAME = "Chirstelle Lorin";
				TargetAttributes = {
					2682FB19239C17F10078628E = {
						CreatedOnToolsVersion = 11.2.1;
					};
				};
			};
			buildConfigurationList = 2682FB15239C17F10078628E /* Build configuration list for PBXProject "FlikrFindr" */;
			compatibilityVersion = "Xcode 9.3";
			developmentRegion = en;
			hasScannedForEncodings = 0;
			knownRegions = (
				en,
				Base,
			);
			mainGroup = 2682FB11239C17F10078628E;
			productRefGroup = 2682FB1B239C17F10078628E /* Products */;
			projectDirPath = "";
			projectRoot = "";
			targets = (
				2682FB19239C17F10078628E /* FlikrFindr */,
			);
		};
/* End PBXProject section */

/* Begin PBXResourcesBuildPhase section */
		2682FB18239C17F10078628E /* Resources */ = {
			isa = PBXResourcesBuildPhase;
			buildActionMask = 2147483647;
			files = (
				2682FB2A239C17F60078628E /* LaunchScreen.storyboard in Resources */,
				2682FB57239D814A0078628E /* Localizable.strings in Resources */,
				265B2CE523A2D2BC00713A49 /* Icon.xcassets in Resources */,
				2682FB25239C17F10078628E /* Main.storyboard in Resources */,
			);
			runOnlyForDeploymentPostprocessing = 0;
		};
/* End PBXResourcesBuildPhase section */

/* Begin PBXSourcesBuildPhase section */
		2682FB16239C17F10078628E /* Sources */ = {
			isa = PBXSourcesBuildPhase;
			buildActionMask = 2147483647;
			files = (
				2682FB59239D82720078628E /* Localization.swift in Sources */,
				2682FB1E239C17F10078628E /* AppDelegate.swift in Sources */,
				265B2CDD23A1C12D00713A49 /* LoadableDataSource.swift in Sources */,
				2682FB41239C3CEB0078628E /* UIImageView+Extension.swift in Sources */,
				2682FB45239C508C0078628E /* PhotoSearchViewController.swift in Sources */,
				265B2CD823A1C06100713A49 /* NetworkingDataSourceObserver.swift in Sources */,
				2682FB3E239C38D80078628E /* PhotoSearchViewModel.swift in Sources */,
				2682FB7D239F3E170078628E /* PhotoModel.swift in Sources */,
				2682FB47239C50A80078628E /* PhotoSearchDetailViewController.swift in Sources */,
				2682FB3C239C31920078628E /* APIUrlBuilder.swift in Sources */,
				265B2CD623A1C03800713A49 /* StateMachine.swift in Sources */,
				265B2CE323A1F7BF00713A49 /* PhotoSearchTableViewCell.swift in Sources */,
				2682FB39239C2EB30078628E /* Constants.swift in Sources */,
				2682FB5B239E0C170078628E /* SceneDelegate.swift in Sources */,
				265B2CDF23A1C1A700713A49 /* NetworkDataSource.swift in Sources */,
			);
			runOnlyForDeploymentPostprocessing = 0;
		};
/* End PBXSourcesBuildPhase section */

/* Begin PBXVariantGroup section */
		2682FB23239C17F10078628E /* Main.storyboard */ = {
			isa = PBXVariantGroup;
			children = (
				2682FB24239C17F10078628E /* Base */,
			);
			name = Main.storyboard;
			sourceTree = "<group>";
		};
		2682FB28239C17F60078628E /* LaunchScreen.storyboard */ = {
			isa = PBXVariantGroup;
			children = (
				2682FB29239C17F60078628E /* Base */,
			);
			name = LaunchScreen.storyboard;
			sourceTree = "<group>";
		};
/* End PBXVariantGroup section */

/* Begin XCBuildConfiguration section */
		2682FB2C239C17F60078628E /* Debug */ = {
			isa = XCBuildConfiguration;
			buildSettings = {
				ALWAYS_SEARCH_USER_PATHS = NO;
				CLANG_ANALYZER_NONNULL = YES;
				CLANG_ANALYZER_NUMBER_OBJECT_CONVERSION = YES_AGGRESSIVE;
				CLANG_CXX_LANGUAGE_STANDARD = "gnu++14";
				CLANG_CXX_LIBRARY = "libc++";
				CLANG_ENABLE_MODULES = YES;
				CLANG_ENABLE_OBJC_ARC = YES;
				CLANG_ENABLE_OBJC_WEAK = YES;
				CLANG_WARN_BLOCK_CAPTURE_AUTORELEASING = YES;
				CLANG_WARN_BOOL_CONVERSION = YES;
				CLANG_WARN_COMMA = YES;
				CLANG_WARN_CONSTANT_CONVERSION = YES;
				CLANG_WARN_DEPRECATED_OBJC_IMPLEMENTATIONS = YES;
				CLANG_WARN_DIRECT_OBJC_ISA_USAGE = YES_ERROR;
				CLANG_WARN_DOCUMENTATION_COMMENTS = YES;
				CLANG_WARN_EMPTY_BODY = YES;
				CLANG_WARN_ENUM_CONVERSION = YES;
				CLANG_WARN_INFINITE_RECURSION = YES;
				CLANG_WARN_INT_CONVERSION = YES;
				CLANG_WARN_NON_LITERAL_NULL_CONVERSION = YES;
				CLANG_WARN_OBJC_IMPLICIT_RETAIN_SELF = YES;
				CLANG_WARN_OBJC_LITERAL_CONVERSION = YES;
				CLANG_WARN_OBJC_ROOT_CLASS = YES_ERROR;
				CLANG_WARN_RANGE_LOOP_ANALYSIS = YES;
				CLANG_WARN_STRICT_PROTOTYPES = YES;
				CLANG_WARN_SUSPICIOUS_MOVE = YES;
				CLANG_WARN_UNGUARDED_AVAILABILITY = YES_AGGRESSIVE;
				CLANG_WARN_UNREACHABLE_CODE = YES;
				CLANG_WARN__DUPLICATE_METHOD_MATCH = YES;
				COPY_PHASE_STRIP = NO;
				DEBUG_INFORMATION_FORMAT = dwarf;
				ENABLE_STRICT_OBJC_MSGSEND = YES;
				ENABLE_TESTABILITY = YES;
				GCC_C_LANGUAGE_STANDARD = gnu11;
				GCC_DYNAMIC_NO_PIC = NO;
				GCC_NO_COMMON_BLOCKS = YES;
				GCC_OPTIMIZATION_LEVEL = 0;
				GCC_PREPROCESSOR_DEFINITIONS = (
					"DEBUG=1",
					"$(inherited)",
				);
				GCC_WARN_64_TO_32_BIT_CONVERSION = YES;
				GCC_WARN_ABOUT_RETURN_TYPE = YES_ERROR;
				GCC_WARN_UNDECLARED_SELECTOR = YES;
				GCC_WARN_UNINITIALIZED_AUTOS = YES_AGGRESSIVE;
				GCC_WARN_UNUSED_FUNCTION = YES;
				GCC_WARN_UNUSED_VARIABLE = YES;
				IPHONEOS_DEPLOYMENT_TARGET = 13.2;
				MTL_ENABLE_DEBUG_INFO = INCLUDE_SOURCE;
				MTL_FAST_MATH = YES;
				ONLY_ACTIVE_ARCH = YES;
				SDKROOT = iphoneos;
				SWIFT_ACTIVE_COMPILATION_CONDITIONS = DEBUG;
				SWIFT_OPTIMIZATION_LEVEL = "-Onone";
			};
			name = Debug;
		};
		2682FB2D239C17F60078628E /* Release */ = {
			isa = XCBuildConfiguration;
			buildSettings = {
				ALWAYS_SEARCH_USER_PATHS = NO;
				CLANG_ANALYZER_NONNULL = YES;
				CLANG_ANALYZER_NUMBER_OBJECT_CONVERSION = YES_AGGRESSIVE;
				CLANG_CXX_LANGUAGE_STANDARD = "gnu++14";
				CLANG_CXX_LIBRARY = "libc++";
				CLANG_ENABLE_MODULES = YES;
				CLANG_ENABLE_OBJC_ARC = YES;
				CLANG_ENABLE_OBJC_WEAK = YES;
				CLANG_WARN_BLOCK_CAPTURE_AUTORELEASING = YES;
				CLANG_WARN_BOOL_CONVERSION = YES;
				CLANG_WARN_COMMA = YES;
				CLANG_WARN_CONSTANT_CONVERSION = YES;
				CLANG_WARN_DEPRECATED_OBJC_IMPLEMENTATIONS = YES;
				CLANG_WARN_DIRECT_OBJC_ISA_USAGE = YES_ERROR;
				CLANG_WARN_DOCUMENTATION_COMMENTS = YES;
				CLANG_WARN_EMPTY_BODY = YES;
				CLANG_WARN_ENUM_CONVERSION = YES;
				CLANG_WARN_INFINITE_RECURSION = YES;
				CLANG_WARN_INT_CONVERSION = YES;
				CLANG_WARN_NON_LITERAL_NULL_CONVERSION = YES;
				CLANG_WARN_OBJC_IMPLICIT_RETAIN_SELF = YES;
				CLANG_WARN_OBJC_LITERAL_CONVERSION = YES;
				CLANG_WARN_OBJC_ROOT_CLASS = YES_ERROR;
				CLANG_WARN_RANGE_LOOP_ANALYSIS = YES;
				CLANG_WARN_STRICT_PROTOTYPES = YES;
				CLANG_WARN_SUSPICIOUS_MOVE = YES;
				CLANG_WARN_UNGUARDED_AVAILABILITY = YES_AGGRESSIVE;
				CLANG_WARN_UNREACHABLE_CODE = YES;
				CLANG_WARN__DUPLICATE_METHOD_MATCH = YES;
				COPY_PHASE_STRIP = NO;
				DEBUG_INFORMATION_FORMAT = "dwarf-with-dsym";
				ENABLE_NS_ASSERTIONS = NO;
				ENABLE_STRICT_OBJC_MSGSEND = YES;
				GCC_C_LANGUAGE_STANDARD = gnu11;
				GCC_NO_COMMON_BLOCKS = YES;
				GCC_WARN_64_TO_32_BIT_CONVERSION = YES;
				GCC_WARN_ABOUT_RETURN_TYPE = YES_ERROR;
				GCC_WARN_UNDECLARED_SELECTOR = YES;
				GCC_WARN_UNINITIALIZED_AUTOS = YES_AGGRESSIVE;
				GCC_WARN_UNUSED_FUNCTION = YES;
				GCC_WARN_UNUSED_VARIABLE = YES;
				IPHONEOS_DEPLOYMENT_TARGET = 13.2;
				MTL_ENABLE_DEBUG_INFO = NO;
				MTL_FAST_MATH = YES;
				SDKROOT = iphoneos;
				SWIFT_COMPILATION_MODE = wholemodule;
				SWIFT_OPTIMIZATION_LEVEL = "-O";
				VALIDATE_PRODUCT = YES;
			};
			name = Release;
		};
		2682FB2F239C17F60078628E /* Debug */ = {
			isa = XCBuildConfiguration;
			buildSettings = {
				ASSETCATALOG_COMPILER_APPICON_NAME = AppIcon;
				CODE_SIGN_STYLE = Automatic;
				INFOPLIST_FILE = FlikrFindr/Info.plist;
				IPHONEOS_DEPLOYMENT_TARGET = 13.0;
				LD_RUNPATH_SEARCH_PATHS = (
					"$(inherited)",
					"@executable_path/Frameworks",
				);
				PRODUCT_BUNDLE_IDENTIFIER = com.example.FlikrFindr;
				PRODUCT_NAME = "$(TARGET_NAME)";
				SWIFT_VERSION = 5.0;
				TARGETED_DEVICE_FAMILY = 1;
			};
			name = Debug;
		};
		2682FB30239C17F60078628E /* Release */ = {
			isa = XCBuildConfiguration;
			buildSettings = {
				ASSETCATALOG_COMPILER_APPICON_NAME = AppIcon;
				CODE_SIGN_STYLE = Automatic;
				INFOPLIST_FILE = FlikrFindr/Info.plist;
				IPHONEOS_DEPLOYMENT_TARGET = 13.0;
				LD_RUNPATH_SEARCH_PATHS = (
					"$(inherited)",
					"@executable_path/Frameworks",
				);
				PRODUCT_BUNDLE_IDENTIFIER = com.example.FlikrFindr;
				PRODUCT_NAME = "$(TARGET_NAME)";
				SWIFT_VERSION = 5.0;
				TARGETED_DEVICE_FAMILY = 1;
			};
			name = Release;
		};
/* End XCBuildConfiguration section */

/* Begin XCConfigurationList section */
		2682FB15239C17F10078628E /* Build configuration list for PBXProject "FlikrFindr" */ = {
			isa = XCConfigurationList;
			buildConfigurations = (
				2682FB2C239C17F60078628E /* Debug */,
				2682FB2D239C17F60078628E /* Release */,
			);
			defaultConfigurationIsVisible = 0;
			defaultConfigurationName = Release;
		};
		2682FB2E239C17F60078628E /* Build configuration list for PBXNativeTarget "FlikrFindr" */ = {
			isa = XCConfigurationList;
			buildConfigurations = (
				2682FB2F239C17F60078628E /* Debug */,
				2682FB30239C17F60078628E /* Release */,
			);
			defaultConfigurationIsVisible = 0;
			defaultConfigurationName = Release;
		};
/* End XCConfigurationList section */
	};
	rootObject = 2682FB12239C17F10078628E /* Project object */;
}
